
Microsoft Visual Studio Solution File, Format Version 12.00
# Visual Studio Version 16
VisualStudioVersion = 16.0.31605.320
MinimumVisualStudioVersion = 10.0.40219.1
Project("{2150E333-8FDC-42A3-9474-1A3956D46DE8}") = "Soultion Items", "Soultion Items", "{C7791912-9B96-45FE-A357-CF3FB38A90FA}"
	ProjectSection(SolutionItems) = preProject
		README.md = README.md
	EndProjectSection
EndProject
Project("{2150E333-8FDC-42A3-9474-1A3956D46DE8}") = "CoreApp", "CoreApp", "{695E776D-0629-4147-9A55-281E1101A11A}"
EndProject
Project("{2150E333-8FDC-42A3-9474-1A3956D46DE8}") = "data", "data", "{869904EC-DD14-41DA-AD06-88D44DE5236F}"
EndProject
Project("{2150E333-8FDC-42A3-9474-1A3956D46DE8}") = "src", "src", "{781E5943-7AB5-4E34-8CB0-4128A93CD2CA}"
EndProject
Project("{2150E333-8FDC-42A3-9474-1A3956D46DE8}") = "tests", "tests", "{0C7DE699-5599-44C9-A95E-3A3F3E636598}"
EndProject
Project("{FAE04EC0-301F-11D3-BF4B-00C04F79EFBC}") = "RecipeBook.CoreAppTests.Shared", "RecipeBook.CoreAppTests.Shared\RecipeBook.CoreAppTests.Shared.csproj", "{C25A08CF-B4DD-4178-AF12-4FEDF1D582A0}"
EndProject
Project("{FAE04EC0-301F-11D3-BF4B-00C04F79EFBC}") = "RecipeBook.CoreAppTests.Infrastructure", "RecipeBook.CoreAppTests.Infrastructure\RecipeBook.CoreAppTests.Infrastructure.csproj", "{5665BD1F-FDC1-4123-93F8-11DC8DBB434B}"
EndProject
Project("{FAE04EC0-301F-11D3-BF4B-00C04F79EFBC}") = "RecipeBook.CoreAppTests.Domain", "RecipeBook.CoreAppTests.Domain\RecipeBook.CoreAppTests.Domain.csproj", "{3C5579E7-1DEB-4B2D-B2FE-5DE7377E75B0}"
EndProject
Project("{FAE04EC0-301F-11D3-BF4B-00C04F79EFBC}") = "RecipeBook.CoreAppTests.Api", "RecipeBook.CoreAppTests.Api\RecipeBook.CoreAppTests.Api.csproj", "{1340A2B2-8FBE-43BF-A40E-918E4B125F4A}"
EndProject
Project("{FAE04EC0-301F-11D3-BF4B-00C04F79EFBC}") = "RecipeBook.CoreApp.Infrastructure", "RecipeBook.CoreApp.Infrastructure\RecipeBook.CoreApp.Infrastructure.csproj", "{2D319E33-DD1B-415C-B3CE-ABD23DFDCF51}"
EndProject
Project("{FAE04EC0-301F-11D3-BF4B-00C04F79EFBC}") = "RecipeBook.CoreApp.Domain", "RecipeBook.CoreApp.Domain\RecipeBook.CoreApp.Domain.csproj", "{6A4514C4-CBE5-4358-ABA1-40FC53EBE77E}"
EndProject
Project("{FAE04EC0-301F-11D3-BF4B-00C04F79EFBC}") = "RecipeBook.CoreApp.Api", "RecipeBook.CoreApp.Api\RecipeBook.CoreApp.Api.csproj", "{0BE07F21-A037-4F0C-8F59-54CEC766AE30}"
EndProject
Project("{00D1A9C2-B5F0-4AF3-8072-F6C62B433612}") = "RecipeBook.CoreApp.Database", "RecipeBook.CoreApp.Database\RecipeBook.CoreApp.Database.sqlproj", "{B394FB7C-EB82-4281-9DDA-61A549AAFE5E}"
EndProject
Project("{2150E333-8FDC-42A3-9474-1A3956D46DE8}") = "Common", "Common", "{ECA37B3C-E452-47E7-8617-010839EA508F}"
EndProject
Project("{2150E333-8FDC-42A3-9474-1A3956D46DE8}") = "tests", "tests", "{F11ABE89-AF8A-4BC1-B932-C011AF24D7A5}"
EndProject
Project("{FAE04EC0-301F-11D3-BF4B-00C04F79EFBC}") = "RecipeBook.SharedKernelTests", "RecipeBook.SharedKernelTests\RecipeBook.SharedKernelTests.csproj", "{7433B528-7E06-4F60-A8CE-71DE862BB3A6}"
EndProject
Project("{2150E333-8FDC-42A3-9474-1A3956D46DE8}") = "src", "src", "{8669BB4E-CE41-487B-BD35-087AA04951F2}"
EndProject
Project("{FAE04EC0-301F-11D3-BF4B-00C04F79EFBC}") = "RecipeBook.SharedKernel", "RecipeBook.SharedKernel\RecipeBook.SharedKernel.csproj", "{9F227054-2E5C-4E08-A937-A8B191AD32F1}"
EndProject
Project("{2150E333-8FDC-42A3-9474-1A3956D46DE8}") = "ApiGateway", "ApiGateway", "{A53E78F1-5DF2-46DD-B5FD-7F27B4D7A554}"
EndProject
Project("{2150E333-8FDC-42A3-9474-1A3956D46DE8}") = "tests", "tests", "{A57EAA2A-0D0B-461A-9832-E6F501CD1094}"
EndProject
Project("{FAE04EC0-301F-11D3-BF4B-00C04F79EFBC}") = "RecipeBook.ApiGatewayTests.Api", "RecipeBook.ApiGatewayTests.Api\RecipeBook.ApiGatewayTests.Api.csproj", "{50B5CA23-4E2C-4ECC-9033-734E8F34DD5E}"
EndProject
Project("{2150E333-8FDC-42A3-9474-1A3956D46DE8}") = "src", "src", "{F6163CF8-C4BA-498E-AE3B-189BA94153F2}"
EndProject
Project("{FAE04EC0-301F-11D3-BF4B-00C04F79EFBC}") = "RecipeBook.ApiGateway.Api", "RecipeBook.ApiGateway.Api\RecipeBook.ApiGateway.Api.csproj", "{F6421D4B-C7F6-407C-8CDC-ED62268BE471}"
EndProject
Global
	GlobalSection(SolutionConfigurationPlatforms) = preSolution
		Debug|Any CPU = Debug|Any CPU
		Release|Any CPU = Release|Any CPU
	EndGlobalSection
	GlobalSection(ProjectConfigurationPlatforms) = postSolution
		{C25A08CF-B4DD-4178-AF12-4FEDF1D582A0}.Debug|Any CPU.ActiveCfg = Debug|Any CPU
		{C25A08CF-B4DD-4178-AF12-4FEDF1D582A0}.Debug|Any CPU.Build.0 = Debug|Any CPU
		{C25A08CF-B4DD-4178-AF12-4FEDF1D582A0}.Release|Any CPU.ActiveCfg = Release|Any CPU
		{C25A08CF-B4DD-4178-AF12-4FEDF1D582A0}.Release|Any CPU.Build.0 = Release|Any CPU
		{5665BD1F-FDC1-4123-93F8-11DC8DBB434B}.Debug|Any CPU.ActiveCfg = Debug|Any CPU
		{5665BD1F-FDC1-4123-93F8-11DC8DBB434B}.Debug|Any CPU.Build.0 = Debug|Any CPU
		{5665BD1F-FDC1-4123-93F8-11DC8DBB434B}.Release|Any CPU.ActiveCfg = Release|Any CPU
		{5665BD1F-FDC1-4123-93F8-11DC8DBB434B}.Release|Any CPU.Build.0 = Release|Any CPU
		{3C5579E7-1DEB-4B2D-B2FE-5DE7377E75B0}.Debug|Any CPU.ActiveCfg = Debug|Any CPU
		{3C5579E7-1DEB-4B2D-B2FE-5DE7377E75B0}.Debug|Any CPU.Build.0 = Debug|Any CPU
		{3C5579E7-1DEB-4B2D-B2FE-5DE7377E75B0}.Release|Any CPU.ActiveCfg = Release|Any CPU
		{3C5579E7-1DEB-4B2D-B2FE-5DE7377E75B0}.Release|Any CPU.Build.0 = Release|Any CPU
		{1340A2B2-8FBE-43BF-A40E-918E4B125F4A}.Debug|Any CPU.ActiveCfg = Debug|Any CPU
		{1340A2B2-8FBE-43BF-A40E-918E4B125F4A}.Debug|Any CPU.Build.0 = Debug|Any CPU
		{1340A2B2-8FBE-43BF-A40E-918E4B125F4A}.Release|Any CPU.ActiveCfg = Release|Any CPU
		{1340A2B2-8FBE-43BF-A40E-918E4B125F4A}.Release|Any CPU.Build.0 = Release|Any CPU
		{2D319E33-DD1B-415C-B3CE-ABD23DFDCF51}.Debug|Any CPU.ActiveCfg = Debug|Any CPU
		{2D319E33-DD1B-415C-B3CE-ABD23DFDCF51}.Debug|Any CPU.Build.0 = Debug|Any CPU
		{2D319E33-DD1B-415C-B3CE-ABD23DFDCF51}.Release|Any CPU.ActiveCfg = Release|Any CPU
		{2D319E33-DD1B-415C-B3CE-ABD23DFDCF51}.Release|Any CPU.Build.0 = Release|Any CPU
		{6A4514C4-CBE5-4358-ABA1-40FC53EBE77E}.Debug|Any CPU.ActiveCfg = Debug|Any CPU
		{6A4514C4-CBE5-4358-ABA1-40FC53EBE77E}.Debug|Any CPU.Build.0 = Debug|Any CPU
		{6A4514C4-CBE5-4358-ABA1-40FC53EBE77E}.Release|Any CPU.ActiveCfg = Release|Any CPU
		{6A4514C4-CBE5-4358-ABA1-40FC53EBE77E}.Release|Any CPU.Build.0 = Release|Any CPU
		{0BE07F21-A037-4F0C-8F59-54CEC766AE30}.Debug|Any CPU.ActiveCfg = Debug|Any CPU
		{0BE07F21-A037-4F0C-8F59-54CEC766AE30}.Debug|Any CPU.Build.0 = Debug|Any CPU
		{0BE07F21-A037-4F0C-8F59-54CEC766AE30}.Release|Any CPU.ActiveCfg = Release|Any CPU
		{0BE07F21-A037-4F0C-8F59-54CEC766AE30}.Release|Any CPU.Build.0 = Release|Any CPU
		{B394FB7C-EB82-4281-9DDA-61A549AAFE5E}.Debug|Any CPU.ActiveCfg = Debug|Any CPU
		{B394FB7C-EB82-4281-9DDA-61A549AAFE5E}.Debug|Any CPU.Build.0 = Debug|Any CPU
		{B394FB7C-EB82-4281-9DDA-61A549AAFE5E}.Debug|Any CPU.Deploy.0 = Debug|Any CPU
		{B394FB7C-EB82-4281-9DDA-61A549AAFE5E}.Release|Any CPU.ActiveCfg = Release|Any CPU
		{B394FB7C-EB82-4281-9DDA-61A549AAFE5E}.Release|Any CPU.Build.0 = Release|Any CPU
		{B394FB7C-EB82-4281-9DDA-61A549AAFE5E}.Release|Any CPU.Deploy.0 = Release|Any CPU
		{7433B528-7E06-4F60-A8CE-71DE862BB3A6}.Debug|Any CPU.ActiveCfg = Debug|Any CPU
		{7433B528-7E06-4F60-A8CE-71DE862BB3A6}.Debug|Any CPU.Build.0 = Debug|Any CPU
		{7433B528-7E06-4F60-A8CE-71DE862BB3A6}.Release|Any CPU.ActiveCfg = Release|Any CPU
		{7433B528-7E06-4F60-A8CE-71DE862BB3A6}.Release|Any CPU.Build.0 = Release|Any CPU
		{9F227054-2E5C-4E08-A937-A8B191AD32F1}.Debug|Any CPU.ActiveCfg = Debug|Any CPU
		{9F227054-2E5C-4E08-A937-A8B191AD32F1}.Debug|Any CPU.Build.0 = Debug|Any CPU
		{9F227054-2E5C-4E08-A937-A8B191AD32F1}.Release|Any CPU.ActiveCfg = Release|Any CPU
		{9F227054-2E5C-4E08-A937-A8B191AD32F1}.Release|Any CPU.Build.0 = Release|Any CPU
		{50B5CA23-4E2C-4ECC-9033-734E8F34DD5E}.Debug|Any CPU.ActiveCfg = Debug|Any CPU
		{50B5CA23-4E2C-4ECC-9033-734E8F34DD5E}.Debug|Any CPU.Build.0 = Debug|Any CPU
		{50B5CA23-4E2C-4ECC-9033-734E8F34DD5E}.Release|Any CPU.ActiveCfg = Release|Any CPU
		{50B5CA23-4E2C-4ECC-9033-734E8F34DD5E}.Release|Any CPU.Build.0 = Release|Any CPU
		{F6421D4B-C7F6-407C-8CDC-ED62268BE471}.Debug|Any CPU.ActiveCfg = Debug|Any CPU
		{F6421D4B-C7F6-407C-8CDC-ED62268BE471}.Debug|Any CPU.Build.0 = Debug|Any CPU
		{F6421D4B-C7F6-407C-8CDC-ED62268BE471}.Release|Any CPU.ActiveCfg = Release|Any CPU
		{F6421D4B-C7F6-407C-8CDC-ED62268BE471}.Release|Any CPU.Build.0 = Release|Any CPU
	EndGlobalSection
	GlobalSection(SolutionProperties) = preSolution
		HideSolutionNode = FALSE
	EndGlobalSection
	GlobalSection(NestedProjects) = preSolution
		{869904EC-DD14-41DA-AD06-88D44DE5236F} = {695E776D-0629-4147-9A55-281E1101A11A}
		{781E5943-7AB5-4E34-8CB0-4128A93CD2CA} = {695E776D-0629-4147-9A55-281E1101A11A}
		{0C7DE699-5599-44C9-A95E-3A3F3E636598} = {695E776D-0629-4147-9A55-281E1101A11A}
		{C25A08CF-B4DD-4178-AF12-4FEDF1D582A0} = {0C7DE699-5599-44C9-A95E-3A3F3E636598}
		{5665BD1F-FDC1-4123-93F8-11DC8DBB434B} = {0C7DE699-5599-44C9-A95E-3A3F3E636598}
		{3C5579E7-1DEB-4B2D-B2FE-5DE7377E75B0} = {0C7DE699-5599-44C9-A95E-3A3F3E636598}
		{1340A2B2-8FBE-43BF-A40E-918E4B125F4A} = {0C7DE699-5599-44C9-A95E-3A3F3E636598}
		{2D319E33-DD1B-415C-B3CE-ABD23DFDCF51} = {781E5943-7AB5-4E34-8CB0-4128A93CD2CA}
		{6A4514C4-CBE5-4358-ABA1-40FC53EBE77E} = {781E5943-7AB5-4E34-8CB0-4128A93CD2CA}
		{0BE07F21-A037-4F0C-8F59-54CEC766AE30} = {781E5943-7AB5-4E34-8CB0-4128A93CD2CA}
		{B394FB7C-EB82-4281-9DDA-61A549AAFE5E} = {869904EC-DD14-41DA-AD06-88D44DE5236F}
		{F11ABE89-AF8A-4BC1-B932-C011AF24D7A5} = {ECA37B3C-E452-47E7-8617-010839EA508F}
		{7433B528-7E06-4F60-A8CE-71DE862BB3A6} = {F11ABE89-AF8A-4BC1-B932-C011AF24D7A5}
		{8669BB4E-CE41-487B-BD35-087AA04951F2} = {ECA37B3C-E452-47E7-8617-010839EA508F}
		{9F227054-2E5C-4E08-A937-A8B191AD32F1} = {8669BB4E-CE41-487B-BD35-087AA04951F2}
		{A57EAA2A-0D0B-461A-9832-E6F501CD1094} = {A53E78F1-5DF2-46DD-B5FD-7F27B4D7A554}
		{50B5CA23-4E2C-4ECC-9033-734E8F34DD5E} = {A57EAA2A-0D0B-461A-9832-E6F501CD1094}
		{F6163CF8-C4BA-498E-AE3B-189BA94153F2} = {A53E78F1-5DF2-46DD-B5FD-7F27B4D7A554}
		{F6421D4B-C7F6-407C-8CDC-ED62268BE471} = {F6163CF8-C4BA-498E-AE3B-189BA94153F2}
	EndGlobalSection
	GlobalSection(ExtensibilityGlobals) = postSolution
		SolutionGuid = {7D47E570-951B-45DA-A938-20987E8322C5}
	EndGlobalSection
EndGlobal
